
Microsoft Visual Studio Solution File, Format Version 12.00
# Visual Studio Version 16
VisualStudioVersion = 16.0.32602.291
MinimumVisualStudioVersion = 10.0.40219.1
Project("{FAE04EC0-301F-11D3-BF4B-00C04F79EFBC}") = "BlackStoneMovies", "BlackStoneMovies.csproj", "{91124EDA-AC55-4F59-B2B5-215A6D4FC2BD}"
EndProject
Global
	GlobalSection(SolutionConfigurationPlatforms) = preSolution
		Debug|Any CPU = Debug|Any CPU
		Release|Any CPU = Release|Any CPU
	EndGlobalSection
	GlobalSection(ProjectConfigurationPlatforms) = postSolution
		{91124EDA-AC55-4F59-B2B5-215A6D4FC2BD}.Debug|Any CPU.ActiveCfg = Debug|Any CPU
		{91124EDA-AC55-4F59-B2B5-215A6D4FC2BD}.Debug|Any CPU.Build.0 = Debug|Any CPU
		{91124EDA-AC55-4F59-B2B5-215A6D4FC2BD}.Release|Any CPU.ActiveCfg = Release|Any CPU
		{91124EDA-AC55-4F59-B2B5-215A6D4FC2BD}.Release|Any CPU.Build.0 = Release|Any CPU
	EndGlobalSection
	GlobalSection(SolutionProperties) = preSolution
		HideSolutionNode = FALSE
	EndGlobalSection
	GlobalSection(ExtensibilityGlobals) = postSolution
		SolutionGuid = {8FB8805D-5714-43B9-940F-50A9F078BFCA}
	EndGlobalSection
EndGlobal
